github.com/chzyer/readline v0.0.0-20180603132655-2972be24d48e/go.mod h1:nSuG5e5PlCu98SY8svDHJxuZscDgtXS6KTTbou5AhLI=
github.com/yuin/gopher-lua v0.0.0-20190125051437-7b9317363aa9 h1:Wy3fAQLBPP0JSWdq3kBnmbFgXDHcyhtPpd+8kENV7mU=
github.com/yuin/gopher-lua v0.0.0-20190125051437-7b9317363aa9/go.mod h1:fFiAh+CowNFr0NK5VASokuwKwkbacRmHsVA7Yb1Tqac=
golang.org/x/crypto v0.0.0-20190123085648-057139ce5d2b/go.mod h1:6SG95UA2DQfeDnfUPMdvaQW0Q7yPrPDi9nlGo2tz2b4=
gopkg.in/check.v1 v0.0.0-20161208181325-20d25e280405/go.mod h1:Co6ibVJAznAaIkqp8huTwlJQCZ016jof/cbN4VW5Yz0=
gopkg.in/yaml.v2 v2.2.2 h1:ZCJp+EgiOT7lHqUV2J862kp8Qj64Jo6az82+3Td9dZw=
gopkg.in/yaml.v2 v2.2.2/go.mod h1:hI93XBmqTisBFMUTm0b8Fm+jr3Dg1NNxqwp+5A1VGuI=
layeh.com/gopher-luar v1.0.4 h1:BFgt94J/CXh4HkDcE2b7A7pBaVeQKEVfHEBRKL/K/Tc=
layeh.com/gopher-luar v1.0.4/go.mod h1:N3rev/ttQd8yVluXaYsa0M/eknzRYWe+pxZ35ZFmaaI=
layeh.com/radius v0.0.0-20190118135028-0f678f039617 h1:UfoQTGVcI2tUZdQxp4kyh07KW0RB+HrUez9LeHurAvs=
layeh.com/radius v0.0.0-20190118135028-0f678f039617/go.mod h1:fywZKyu//X7iRzaxLgPWsvc0L26IUpVvE/aeIL2JtIQ=
voidedtech.com/goutils v2.0.0+incompatible h1:v2f4GWFbxT4R2Rl+Dtqcpsef8WvflZu+FHoCQzuCyeM=
voidedtech.com/goutils v4.0.1+incompatible h1:2gZChhhwRNPDAR2GnZyLt0u5VBsRIYOSoeKOg2tppWI=
voidedtech.com/goutils v4.0.1+incompatible/go.mod h1:Rzv1lcSfqVWHUJskhJ+Bu9Y1Ibj8erI88AFjheyn/uQ=
