github.com/chzyer/logex v1.1.10/go.mod h1:+Ywpsq7O8HXn0nuIou7OrIPyXbp3wmkHB+jjWRnGsAI=
github.com/chzyer/readline v0.0.0-20180603132655-2972be24d48e/go.mod h1:nSuG5e5PlCu98SY8svDHJxuZscDgtXS6KTTbou5AhLI=
github.com/chzyer/test v0.0.0-20180213035817-a1ea475d72b1/go.mod h1:Q3SI9o4m/ZMnBNeIyt5eFwwo7qiLfzFZmjNmxjkiQlU=
github.com/yuin/gopher-lua v0.0.0-20190206043414-8bfc7677f583 h1:SZPG5w7Qxq7bMcMVl6e3Ht2X7f+AAGQdzjkbyOnNNZ8=
github.com/yuin/gopher-lua v0.0.0-20190206043414-8bfc7677f583/go.mod h1:gqRgreBUhTSL0GeU64rtZ3Uq3wtjOa/TB2YfrtkCbVQ=
golang.org/x/sys v0.0.0-20190204203706-41f3e6584952/go.mod h1:STP8DvDyc/dI5b8T5hshtkjS+E42TnysNCUPdjciGhY=
gopkg.in/check.v1 v0.0.0-20161208181325-20d25e280405/go.mod h1:Co6ibVJAznAaIkqp8huTwlJQCZ016jof/cbN4VW5Yz0=
gopkg.in/yaml.v2 v2.2.2 h1:ZCJp+EgiOT7lHqUV2J862kp8Qj64Jo6az82+3Td9dZw=
gopkg.in/yaml.v2 v2.2.2/go.mod h1:hI93XBmqTisBFMUTm0b8Fm+jr3Dg1NNxqwp+5A1VGuI=
layeh.com/gopher-luar v1.0.5 h1:fBuMh/xVN7bZxOsFzY6mxL2I+0ePJIWfyGc0dBdpqs4=
layeh.com/gopher-luar v1.0.5/go.mod h1:N3rev/ttQd8yVluXaYsa0M/eknzRYWe+pxZ35ZFmaaI=
layeh.com/radius v0.0.0-20190322222518-890bc1058917 h1:BDXFaFzUt5EIqe/4wrTc4AcYZWP6iC6Ult+jQWLh5eU=
layeh.com/radius v0.0.0-20190322222518-890bc1058917/go.mod h1:fywZKyu//X7iRzaxLgPWsvc0L26IUpVvE/aeIL2JtIQ=
voidedtech.com/goutils v3.1.0+incompatible h1:TmI58Lmb5HYPh64UPynkvz5DILRZcEyQ6DtAwraOR4o=
voidedtech.com/goutils v3.1.0+incompatible/go.mod h1:Ym9oSo/k9DTC52eqRglvbwrrmvDOZMj01aJA4bnu+CE=
