# This file is autogenerated, do not edit; changes may be undone by the next 'dep ensure'.


[[projects]]
  name = "github.com/epiphyte/goutils"
  packages = ["."]
  revision = "dc3c0c5b3020dd9a02dafc2bd728a09acd2e60c0"
  version = "v1.1.0"

[[projects]]
  branch = "master"
  name = "layeh.com/radius"
  packages = [
    ".",
    "debug",
    "dictionary",
    "rfc2865"
  ]
  revision = "f379030c657d6528b806d56a7be05cb308760f40"

[solve-meta]
  analyzer-name = "dep"
  analyzer-version = 1
  inputs-digest = "b16ec8185eb1ed2215721aa89f0327014a6a28d0cbb2f7aa573d09ef96c3127d"
  solver-name = "gps-cdcl"
  solver-version = 1
