# This file is autogenerated, do not edit; changes may be undone by the next 'dep ensure'.


[[projects]]
  digest = "1:b7fe0eacab7146b58517f3ed87be1d4db7fef4b2ecd4b599d53f00cb60df8eeb"
  name = "github.com/epiphyte/goutils"
  packages = ["."]
  pruneopts = "NUT"
  revision = "8732fdd2f0894844a076986b5d49809d64d68c57"
  version = "v1.2.8"

[[projects]]
  branch = "master"
  digest = "1:b889cbd6fc383f9c783e857be450d01854964313d00d45b9f025542dd2d2a45a"
  name = "layeh.com/radius"
  packages = [
    ".",
    "debug",
    "dictionary",
    "rfc2865",
  ]
  pruneopts = "NUT"
  revision = "86e590152a3b227910515879c6d980c324b4c737"

[solve-meta]
  analyzer-name = "dep"
  analyzer-version = 1
  input-imports = [
    "github.com/epiphyte/goutils",
    "layeh.com/radius",
    "layeh.com/radius/debug",
    "layeh.com/radius/rfc2865",
  ]
  solver-name = "gps-cdcl"
  solver-version = 1
