# This file is autogenerated, do not edit; changes may be undone by the next 'dep ensure'.


[[projects]]
  name = "github.com/epiphyte/goutils"
  packages = ["."]
  revision = "dc3c0c5b3020dd9a02dafc2bd728a09acd2e60c0"
  version = "v1.1.0"

[[projects]]
  branch = "master"
  name = "layeh.com/radius"
  packages = [
    ".",
    "rfc2865"
  ]
  revision = "a9b6875f19f13a95761ec3fd9d329a4580bef40a"

[solve-meta]
  analyzer-name = "dep"
  analyzer-version = 1
  inputs-digest = "fb353554afa4e953cbae10bef1ba7d7dd65a0f7af32aaa8e83e0497ae9c10169"
  solver-name = "gps-cdcl"
  solver-version = 1
